# THIS IS AN AUTOGENERATED FILE. DO NOT EDIT THIS FILE DIRECTLY.
# yarn lockfile v1


fsevents@~2.3.1:
  version "2.3.1"
  resolved "https://registry.yarnpkg.com/fsevents/-/fsevents-2.3.1.tgz#b209ab14c61012636c8863507edf7fb68cc54e9f"
  integrity sha512-YR47Eg4hChJGAB1O3yEAOkGO+rlzutoICGqGo9EZ4lKWokzZRSyIW1QmTzqjtw8MJdj9srP869CuWw/hyzSiBw==

rollup@^2.38.4:
  version "2.38.4"
  resolved "https://registry.yarnpkg.com/rollup/-/rollup-2.38.4.tgz#1b84ea8728c73b1a00a6a6e9c630ec8c3fe48cea"
  integrity sha512-B0LcJhjiwKkTl79aGVF/u5KdzsH8IylVfV56Ut6c9ouWLJcUK17T83aZBetNYSnZtXf2OHD4+2PbmRW+Fp5ulg==
  optionalDependencies:
    fsevents "~2.3.1"
